
Microsoft Visual Studio Solution File, Format Version 12.00
# Visual Studio Version 17
VisualStudioVersion = 17.3.32811.315
MinimumVisualStudioVersion = 10.0.40219.1
Project("{FAE04EC0-301F-11D3-BF4B-00C04F79EFBC}") = "Lab04WPF", "Lab04WPF\Lab04WPF.csproj", "{39DB32FC-90D1-4FB7-AB25-2B2ECF5FC9CA}"
EndProject
Global
	GlobalSection(SolutionConfigurationPlatforms) = preSolution
		Debug|Any CPU = Debug|Any CPU
		Release|Any CPU = Release|Any CPU
	EndGlobalSection
	GlobalSection(ProjectConfigurationPlatforms) = postSolution
		{39DB32FC-90D1-4FB7-AB25-2B2ECF5FC9CA}.Debug|Any CPU.ActiveCfg = Debug|Any CPU
		{39DB32FC-90D1-4FB7-AB25-2B2ECF5FC9CA}.Debug|Any CPU.Build.0 = Debug|Any CPU
		{39DB32FC-90D1-4FB7-AB25-2B2ECF5FC9CA}.Release|Any CPU.ActiveCfg = Release|Any CPU
		{39DB32FC-90D1-4FB7-AB25-2B2ECF5FC9CA}.Release|Any CPU.Build.0 = Release|Any CPU
	EndGlobalSection
	GlobalSection(SolutionProperties) = preSolution
		HideSolutionNode = FALSE
	EndGlobalSection
	GlobalSection(ExtensibilityGlobals) = postSolution
		SolutionGuid = {42D0B4F7-EC8F-4B65-AE8D-5B181E125562}
	EndGlobalSection
EndGlobal
